// !$*UTF8*$!
{
	archiveVersion = 1;
	classes = {
	};
	objectVersion = 77;
	objects = {

/* Begin PBXBuildFile section */
		25913E150D495EDC3757A714 /* InsightParityTests.swift in Sources */ = {isa = PBXBuildFile; fileRef = 0650C51720415CB902237F48 /* InsightParityTests.swift */; };
		5A1700000000000000000003 /* Supabase in Frameworks */ = {isa = PBXBuildFile; productRef = 5A1700000000000000000002 /* Supabase */; };
		67EC116180321EA940B5E616 /* transaction-splits.json in Resources */ = {isa = PBXBuildFile; fileRef = 24BF7AA790DBA76C172C90C4 /* transaction-splits.json */; };
		74265C9D95B09C1A42E1E975 /* mortgage.json in Resources */ = {isa = PBXBuildFile; fileRef = 70EE7257C8C1E7DF781423A6 /* mortgage.json */; };
		9563EF0B325C6288B2371432 /* TransactionFilterParityTests.swift in Sources */ = {isa = PBXBuildFile; fileRef = 302074913EEE1A9E94160397 /* TransactionFilterParityTests.swift */; };
		B5F85A62800B52CFBF244E27 /* transaction-filters.json in Resources */ = {isa = PBXBuildFile; fileRef = 7BB4B1B9837EAE1B6C707190 /* transaction-filters.json */; };
		C193B52B38D45CCD8086AB46 /* insights.json in Resources */ = {isa = PBXBuildFile; fileRef = 2769D0C2D228268FBA560175 /* insights.json */; };
		CDDC361CED2034F43CA9B013 /* TransactionSplitParityTests.swift in Sources */ = {isa = PBXBuildFile; fileRef = 6F17A0ACBC22C65C00F424C5 /* TransactionSplitParityTests.swift */; };
		D076E0BACD0147459E2F25A4 /* Foundation.framework in Frameworks */ = {isa = PBXBuildFile; fileRef = 0BE827914102FB73FD749827 /* Foundation.framework */; };
		D40985261F105B076E8A9FD8 /* MortgageParityTests.swift in Sources */ = {isa = PBXBuildFile; fileRef = 9B574A3F931F5FB00F487BA3 /* MortgageParityTests.swift */; };
/* End PBXBuildFile section */

/* Begin PBXContainerItemProxy section */
		1092A14E9B11B52FAC98EB8F /* PBXContainerItemProxy */ = {
			isa = PBXContainerItemProxy;
			containerPortal = 4549C87E2FBB4745001751B0 /* Project object */;
			proxyType = 1;
			remoteGlobalIDString = 4549C8852FBB4745001751B0;
			remoteInfo = "Ortho-iOS";
		};
/* End PBXContainerItemProxy section */

/* Begin PBXFileReference section */
		0650C51720415CB902237F48 /* InsightParityTests.swift */ = {isa = PBXFileReference; includeInIndex = 1; lastKnownFileType = sourcecode.swift; name = InsightParityTests.swift; path = "Ortho-iOSTests/InsightParityTests.swift"; sourceTree = "<group>"; };
		0BE827914102FB73FD749827 /* Foundation.framework */ = {isa = PBXFileReference; lastKnownFileType = wrapper.framework; name = Foundation.framework; path = Platforms/iPhoneOS.platform/Developer/SDKs/iPhoneOS18.0.sdk/System/Library/Frameworks/Foundation.framework; sourceTree = DEVELOPER_DIR; };
		169932190712D727EC9C2CF6 /* Ortho-iOSTests.xctest */ = {isa = PBXFileReference; explicitFileType = wrapper.cfbundle; includeInIndex = 0; path = "Ortho-iOSTests.xctest"; sourceTree = BUILT_PRODUCTS_DIR; };
		24BF7AA790DBA76C172C90C4 /* transaction-splits.json */ = {isa = PBXFileReference; includeInIndex = 1; name = "transaction-splits.json"; path = "../shared/test-vectors/transaction-splits.json"; sourceTree = "<group>"; };
		2769D0C2D228268FBA560175 /* insights.json */ = {isa = PBXFileReference; includeInIndex = 1; name = insights.json; path = "../shared/test-vectors/insights.json"; sourceTree = "<group>"; };
		302074913EEE1A9E94160397 /* TransactionFilterParityTests.swift */ = {isa = PBXFileReference; includeInIndex = 1; lastKnownFileType = sourcecode.swift; name = TransactionFilterParityTests.swift; path = "Ortho-iOSTests/TransactionFilterParityTests.swift"; sourceTree = "<group>"; };
		4549C8862FBB4745001751B0 /* Ortho-iOS.app */ = {isa = PBXFileReference; explicitFileType = wrapper.application; includeInIndex = 0; path = "Ortho-iOS.app"; sourceTree = BUILT_PRODUCTS_DIR; };
		6F17A0ACBC22C65C00F424C5 /* TransactionSplitParityTests.swift */ = {isa = PBXFileReference; includeInIndex = 1; lastKnownFileType = sourcecode.swift; name = TransactionSplitParityTests.swift; path = "Ortho-iOSTests/TransactionSplitParityTests.swift"; sourceTree = "<group>"; };
		70EE7257C8C1E7DF781423A6 /* mortgage.json */ = {isa = PBXFileReference; includeInIndex = 1; name = mortgage.json; path = "../shared/test-vectors/mortgage.json"; sourceTree = "<group>"; };
		7BB4B1B9837EAE1B6C707190 /* transaction-filters.json */ = {isa = PBXFileReference; includeInIndex = 1; name = "transaction-filters.json"; path = "../shared/test-vectors/transaction-filters.json"; sourceTree = "<group>"; };
		9B574A3F931F5FB00F487BA3 /* MortgageParityTests.swift */ = {isa = PBXFileReference; includeInIndex = 1; lastKnownFileType = sourcecode.swift; name = MortgageParityTests.swift; path = "Ortho-iOSTests/MortgageParityTests.swift"; sourceTree = "<group>"; };
/* End PBXFileReference section */

/* Begin PBXFileSystemSynchronizedRootGroup section */
		4549C8882FBB4745001751B0 /* Ortho-iOS */ = {
			isa = PBXFileSystemSynchronizedRootGroup;
			exceptions = (
			);
			path = "Ortho-iOS";
			sourceTree = "<group>";
		};
/* End PBXFileSystemSynchronizedRootGroup section */

/* Begin PBXFrameworksBuildPhase section */
		4549C8832FBB4745001751B0 /* Frameworks */ = {
			isa = PBXFrameworksBuildPhase;
			buildActionMask = 2147483647;
			files = (
				5A1700000000000000000003 /* Supabase in Frameworks */,
			);
			runOnlyForDeploymentPostprocessing = 0;
		};
		7D26CAF742AE7FE632B60BB9 /* Frameworks */ = {
			isa = PBXFrameworksBuildPhase;
			buildActionMask = 2147483647;
			files = (
				D076E0BACD0147459E2F25A4 /* Foundation.framework in Frameworks */,
			);
			runOnlyForDeploymentPostprocessing = 0;
		};
/* End PBXFrameworksBuildPhase section */

/* Begin PBXGroup section */
		4549C87D2FBB4745001751B0 = {
			isa = PBXGroup;
			children = (
				4549C8882FBB4745001751B0 /* Ortho-iOS */,
				4549C8872FBB4745001751B0 /* Products */,
				DFFB8821125F607E80F641D3 /* Frameworks */,
				0650C51720415CB902237F48 /* InsightParityTests.swift */,
				9B574A3F931F5FB00F487BA3 /* MortgageParityTests.swift */,
				302074913EEE1A9E94160397 /* TransactionFilterParityTests.swift */,
				6F17A0ACBC22C65C00F424C5 /* TransactionSplitParityTests.swift */,
				2769D0C2D228268FBA560175 /* insights.json */,
				70EE7257C8C1E7DF781423A6 /* mortgage.json */,
				7BB4B1B9837EAE1B6C707190 /* transaction-filters.json */,
				24BF7AA790DBA76C172C90C4 /* transaction-splits.json */,
			);
			sourceTree = "<group>";
		};
		4549C8872FBB4745001751B0 /* Products */ = {
			isa = PBXGroup;
			children = (
				4549C8862FBB4745001751B0 /* Ortho-iOS.app */,
				169932190712D727EC9C2CF6 /* Ortho-iOSTests.xctest */,
			);
			name = Products;
			sourceTree = "<group>";
		};
		A03E8D247DF5C62FF856C6AD /* iOS */ = {
			isa = PBXGroup;
			children = (
				0BE827914102FB73FD749827 /* Foundation.framework */,
			);
			name = iOS;
			sourceTree = "<group>";
		};
		DFFB8821125F607E80F641D3 /* Frameworks */ = {
			isa = PBXGroup;
			children = (
				A03E8D247DF5C62FF856C6AD /* iOS */,
			);
			name = Frameworks;
			sourceTree = "<group>";
		};
/* End PBXGroup section */

/* Begin PBXNativeTarget section */
		018BD1D3AA531BDD8D51AC29 /* Ortho-iOSTests */ = {
			isa = PBXNativeTarget;
			buildConfigurationList = C80EA600F8812CE68B74874B /* Build configuration list for PBXNativeTarget "Ortho-iOSTests" */;
			buildPhases = (
				0A13A42704DC68D4F720463A /* Sources */,
				7D26CAF742AE7FE632B60BB9 /* Frameworks */,
				99ED2BCCB12C6F1AC5E603D5 /* Resources */,
			);
			buildRules = (
			);
			dependencies = (
				B96A3CB0DFEC8C7528B3B7FB /* PBXTargetDependency */,
			);
			name = "Ortho-iOSTests";
			productName = "Ortho-iOSTests";
			productReference = 169932190712D727EC9C2CF6 /* Ortho-iOSTests.xctest */;
			productType = "com.apple.product-type.bundle.unit-test";
		};
		4549C8852FBB4745001751B0 /* Ortho-iOS */ = {
			isa = PBXNativeTarget;
			buildConfigurationList = 4549C8912FBB4746001751B0 /* Build configuration list for PBXNativeTarget "Ortho-iOS" */;
			buildPhases = (
				4549C8822FBB4745001751B0 /* Sources */,
				4549C8832FBB4745001751B0 /* Frameworks */,
				4549C8842FBB4745001751B0 /* Resources */,
			);
			buildRules = (
			);
			dependencies = (
			);
			fileSystemSynchronizedGroups = (
				4549C8882FBB4745001751B0 /* Ortho-iOS */,
			);
			name = "Ortho-iOS";
			packageProductDependencies = (
				5A1700000000000000000002 /* Supabase */,
			);
			productName = "Ortho-iOS";
			productReference = 4549C8862FBB4745001751B0 /* Ortho-iOS.app */;
			productType = "com.apple.product-type.application";
		};
/* End PBXNativeTarget section */

/* Begin PBXProject section */
		4549C87E2FBB4745001751B0 /* Project object */ = {
			isa = PBXProject;
			attributes = {
				BuildIndependentTargetsInParallel = 1;
				LastSwiftUpdateCheck = 2620;
				LastUpgradeCheck = 2620;
				TargetAttributes = {
					4549C8852FBB4745001751B0 = {
						CreatedOnToolsVersion = 26.2;
					};
				};
			};
			buildConfigurationList = 4549C8812FBB4745001751B0 /* Build configuration list for PBXProject "Ortho-iOS" */;
			developmentRegion = en;
			hasScannedForEncodings = 0;
			knownRegions = (
				en,
				Base,
			);
			mainGroup = 4549C87D2FBB4745001751B0;
			minimizedProjectReferenceProxies = 1;
			packageReferences = (
				5A1700000000000000000001 /* XCRemoteSwiftPackageReference "supabase-swift" */,
			);
			preferredProjectObjectVersion = 77;
			productRefGroup = 4549C8872FBB4745001751B0 /* Products */;
			projectDirPath = "";
			projectRoot = "";
			targets = (
				4549C8852FBB4745001751B0 /* Ortho-iOS */,
				018BD1D3AA531BDD8D51AC29 /* Ortho-iOSTests */,
			);
		};
/* End PBXProject section */

/* Begin PBXResourcesBuildPhase section */
		4549C8842FBB4745001751B0 /* Resources */ = {
			isa = PBXResourcesBuildPhase;
			buildActionMask = 2147483647;
			files = (
			);
			runOnlyForDeploymentPostprocessing = 0;
		};
		99ED2BCCB12C6F1AC5E603D5 /* Resources */ = {
			isa = PBXResourcesBuildPhase;
			buildActionMask = 2147483647;
			files = (
				C193B52B38D45CCD8086AB46 /* insights.json in Resources */,
				74265C9D95B09C1A42E1E975 /* mortgage.json in Resources */,
				B5F85A62800B52CFBF244E27 /* transaction-filters.json in Resources */,
				67EC116180321EA940B5E616 /* transaction-splits.json in Resources */,
			);
			runOnlyForDeploymentPostprocessing = 0;
		};
/* End PBXResourcesBuildPhase section */

/* Begin PBXSourcesBuildPhase section */
		0A13A42704DC68D4F720463A /* Sources */ = {
			isa = PBXSourcesBuildPhase;
			buildActionMask = 2147483647;
			files = (
				25913E150D495EDC3757A714 /* InsightParityTests.swift in Sources */,
				D40985261F105B076E8A9FD8 /* MortgageParityTests.swift in Sources */,
				9563EF0B325C6288B2371432 /* TransactionFilterParityTests.swift in Sources */,
				CDDC361CED2034F43CA9B013 /* TransactionSplitParityTests.swift in Sources */,
			);
			runOnlyForDeploymentPostprocessing = 0;
		};
		4549C8822FBB4745001751B0 /* Sources */ = {
			isa = PBXSourcesBuildPhase;
			buildActionMask = 2147483647;
			files = (
			);
			runOnlyForDeploymentPostprocessing = 0;
		};
/* End PBXSourcesBuildPhase section */

/* Begin PBXTargetDependency section */
		B96A3CB0DFEC8C7528B3B7FB /* PBXTargetDependency */ = {
			isa = PBXTargetDependency;
			name = "Ortho-iOS";
			target = 4549C8852FBB4745001751B0 /* Ortho-iOS */;
			targetProxy = 1092A14E9B11B52FAC98EB8F /* PBXContainerItemProxy */;
		};
/* End PBXTargetDependency section */

/* Begin XCBuildConfiguration section */
		4549C88F2FBB4746001751B0 /* Debug */ = {
			isa = XCBuildConfiguration;
			buildSettings = {
				ALWAYS_SEARCH_USER_PATHS = NO;
				ASSETCATALOG_COMPILER_GENERATE_SWIFT_ASSET_SYMBOL_EXTENSIONS = YES;
				CLANG_ANALYZER_NONNULL = YES;
				CLANG_ANALYZER_NUMBER_OBJECT_CONVERSION = YES_AGGRESSIVE;
				CLANG_CXX_LANGUAGE_STANDARD = "gnu++20";
				CLANG_ENABLE_MODULES = YES;
				CLANG_ENABLE_OBJC_ARC = YES;
				CLANG_ENABLE_OBJC_WEAK = YES;
				CLANG_WARN_BLOCK_CAPTURE_AUTORELEASING = YES;
				CLANG_WARN_BOOL_CONVERSION = YES;
				CLANG_WARN_COMMA = YES;
				CLANG_WARN_CONSTANT_CONVERSION = YES;
				CLANG_WARN_DEPRECATED_OBJC_IMPLEMENTATIONS = YES;
				CLANG_WARN_DIRECT_OBJC_ISA_USAGE = YES_ERROR;
				CLANG_WARN_DOCUMENTATION_COMMENTS = YES;
				CLANG_WARN_EMPTY_BODY = YES;
				CLANG_WARN_ENUM_CONVERSION = YES;
				CLANG_WARN_INFINITE_RECURSION = YES;
				CLANG_WARN_INT_CONVERSION = YES;
				CLANG_WARN_NON_LITERAL_NULL_CONVERSION = YES;
				CLANG_WARN_OBJC_IMPLICIT_RETAIN_SELF = YES;
				CLANG_WARN_OBJC_LITERAL_CONVERSION = YES;
				CLANG_WARN_OBJC_ROOT_CLASS = YES_ERROR;
				CLANG_WARN_QUOTED_INCLUDE_IN_FRAMEWORK_HEADER = YES;
				CLANG_WARN_RANGE_LOOP_ANALYSIS = YES;
				CLANG_WARN_STRICT_PROTOTYPES = YES;
				CLANG_WARN_SUSPICIOUS_MOVE = YES;
				CLANG_WARN_UNGUARDED_AVAILABILITY = YES_AGGRESSIVE;
				CLANG_WARN_UNREACHABLE_CODE = YES;
				CLANG_WARN__DUPLICATE_METHOD_MATCH = YES;
				COPY_PHASE_STRIP = NO;
				DEBUG_INFORMATION_FORMAT = dwarf;
				DEVELOPMENT_TEAM = G7PK95UTK7;
				ENABLE_STRICT_OBJC_MSGSEND = YES;
				ENABLE_TESTABILITY = YES;
				ENABLE_USER_SCRIPT_SANDBOXING = YES;
				GCC_C_LANGUAGE_STANDARD = gnu17;
				GCC_DYNAMIC_NO_PIC = NO;
				GCC_NO_COMMON_BLOCKS = YES;
				GCC_OPTIMIZATION_LEVEL = 0;
				GCC_PREPROCESSOR_DEFINITIONS = (
					"DEBUG=1",
					"$(inherited)",
				);
				GCC_WARN_64_TO_32_BIT_CONVERSION = YES;
				GCC_WARN_ABOUT_RETURN_TYPE = YES_ERROR;
				GCC_WARN_UNDECLARED_SELECTOR = YES;
				GCC_WARN_UNINITIALIZED_AUTOS = YES_AGGRESSIVE;
				GCC_WARN_UNUSED_FUNCTION = YES;
				GCC_WARN_UNUSED_VARIABLE = YES;
				IPHONEOS_DEPLOYMENT_TARGET = 26.2;
				LOCALIZATION_PREFERS_STRING_CATALOGS = YES;
				MTL_ENABLE_DEBUG_INFO = INCLUDE_SOURCE;
				MTL_FAST_MATH = YES;
				ONLY_ACTIVE_ARCH = YES;
				SDKROOT = iphoneos;
				SWIFT_ACTIVE_COMPILATION_CONDITIONS = "DEBUG $(inherited)";
				SWIFT_OPTIMIZATION_LEVEL = "-Onone";
			};
			name = Debug;
		};
		4549C8902FBB4746001751B0 /* Release */ = {
			isa = XCBuildConfiguration;
			buildSettings = {
				ALWAYS_SEARCH_USER_PATHS = NO;
				ASSETCATALOG_COMPILER_GENERATE_SWIFT_ASSET_SYMBOL_EXTENSIONS = YES;
				CLANG_ANALYZER_NONNULL = YES;
				CLANG_ANALYZER_NUMBER_OBJECT_CONVERSION = YES_AGGRESSIVE;
				CLANG_CXX_LANGUAGE_STANDARD = "gnu++20";
				CLANG_ENABLE_MODULES = YES;
				CLANG_ENABLE_OBJC_ARC = YES;
				CLANG_ENABLE_OBJC_WEAK = YES;
				CLANG_WARN_BLOCK_CAPTURE_AUTORELEASING = YES;
				CLANG_WARN_BOOL_CONVERSION = YES;
				CLANG_WARN_COMMA = YES;
				CLANG_WARN_CONSTANT_CONVERSION = YES;
				CLANG_WARN_DEPRECATED_OBJC_IMPLEMENTATIONS = YES;
				CLANG_WARN_DIRECT_OBJC_ISA_USAGE = YES_ERROR;
				CLANG_WARN_DOCUMENTATION_COMMENTS = YES;
				CLANG_WARN_EMPTY_BODY = YES;
				CLANG_WARN_ENUM_CONVERSION = YES;
				CLANG_WARN_INFINITE_RECURSION = YES;
				CLANG_WARN_INT_CONVERSION = YES;
				CLANG_WARN_NON_LITERAL_NULL_CONVERSION = YES;
				CLANG_WARN_OBJC_IMPLICIT_RETAIN_SELF = YES;
				CLANG_WARN_OBJC_LITERAL_CONVERSION = YES;
				CLANG_WARN_OBJC_ROOT_CLASS = YES_ERROR;
				CLANG_WARN_QUOTED_INCLUDE_IN_FRAMEWORK_HEADER = YES;
				CLANG_WARN_RANGE_LOOP_ANALYSIS = YES;
				CLANG_WARN_STRICT_PROTOTYPES = YES;
				CLANG_WARN_SUSPICIOUS_MOVE = YES;
				CLANG_WARN_UNGUARDED_AVAILABILITY = YES_AGGRESSIVE;
				CLANG_WARN_UNREACHABLE_CODE = YES;
				CLANG_WARN__DUPLICATE_METHOD_MATCH = YES;
				COPY_PHASE_STRIP = NO;
				DEBUG_INFORMATION_FORMAT = "dwarf-with-dsym";
				DEVELOPMENT_TEAM = G7PK95UTK7;
				ENABLE_NS_ASSERTIONS = NO;
				ENABLE_STRICT_OBJC_MSGSEND = YES;
				ENABLE_USER_SCRIPT_SANDBOXING = YES;
				GCC_C_LANGUAGE_STANDARD = gnu17;
				GCC_NO_COMMON_BLOCKS = YES;
				GCC_WARN_64_TO_32_BIT_CONVERSION = YES;
				GCC_WARN_ABOUT_RETURN_TYPE = YES_ERROR;
				GCC_WARN_UNDECLARED_SELECTOR = YES;
				GCC_WARN_UNINITIALIZED_AUTOS = YES_AGGRESSIVE;
				GCC_WARN_UNUSED_FUNCTION = YES;
				GCC_WARN_UNUSED_VARIABLE = YES;
				IPHONEOS_DEPLOYMENT_TARGET = 26.2;
				LOCALIZATION_PREFERS_STRING_CATALOGS = YES;
				MTL_ENABLE_DEBUG_INFO = NO;
				MTL_FAST_MATH = YES;
				SDKROOT = iphoneos;
				SWIFT_COMPILATION_MODE = wholemodule;
				VALIDATE_PRODUCT = YES;
			};
			name = Release;
		};
		4549C8922FBB4746001751B0 /* Debug */ = {
			isa = XCBuildConfiguration;
			buildSettings = {
				ASSETCATALOG_COMPILER_APPICON_NAME = AppIcon;
				ASSETCATALOG_COMPILER_GLOBAL_ACCENT_COLOR_NAME = AccentColor;
				CODE_SIGN_STYLE = Automatic;
				CURRENT_PROJECT_VERSION = 1;
				DEVELOPMENT_TEAM = G7PK95UTK7;
				ENABLE_PREVIEWS = YES;
				GENERATE_INFOPLIST_FILE = YES;
				INFOPLIST_KEY_UIApplicationSceneManifest_Generation = YES;
				INFOPLIST_KEY_UIApplicationSupportsIndirectInputEvents = YES;
				INFOPLIST_KEY_UILaunchScreen_Generation = YES;
				INFOPLIST_KEY_UISupportedInterfaceOrientations_iPad = "UIInterfaceOrientationPortrait UIInterfaceOrientationPortraitUpsideDown UIInterfaceOrientationLandscapeLeft UIInterfaceOrientationLandscapeRight";
				INFOPLIST_KEY_UISupportedInterfaceOrientations_iPhone = "UIInterfaceOrientationPortrait UIInterfaceOrientationLandscapeLeft UIInterfaceOrientationLandscapeRight";
				LD_RUNPATH_SEARCH_PATHS = (
					"$(inherited)",
					"@executable_path/Frameworks",
				);
				MARKETING_VERSION = 1.0;
				PRODUCT_BUNDLE_IDENTIFIER = "AyazUddin.Ortho-iOS";
				PRODUCT_NAME = "$(TARGET_NAME)";
				STRING_CATALOG_GENERATE_SYMBOLS = YES;
				SWIFT_APPROACHABLE_CONCURRENCY = YES;
				SWIFT_DEFAULT_ACTOR_ISOLATION = MainActor;
				SWIFT_EMIT_LOC_STRINGS = YES;
				SWIFT_UPCOMING_FEATURE_MEMBER_IMPORT_VISIBILITY = YES;
				SWIFT_VERSION = 5.0;
				TARGETED_DEVICE_FAMILY = "1,2";
			};
			name = Debug;
		};
		4549C8932FBB4746001751B0 /* Release */ = {
			isa = XCBuildConfiguration;
			buildSettings = {
				ASSETCATALOG_COMPILER_APPICON_NAME = AppIcon;
				ASSETCATALOG_COMPILER_GLOBAL_ACCENT_COLOR_NAME = AccentColor;
				CODE_SIGN_STYLE = Automatic;
				CURRENT_PROJECT_VERSION = 1;
				DEVELOPMENT_TEAM = G7PK95UTK7;
				ENABLE_PREVIEWS = YES;
				GENERATE_INFOPLIST_FILE = YES;
				INFOPLIST_KEY_UIApplicationSceneManifest_Generation = YES;
				INFOPLIST_KEY_UIApplicationSupportsIndirectInputEvents = YES;
				INFOPLIST_KEY_UILaunchScreen_Generation = YES;
				INFOPLIST_KEY_UISupportedInterfaceOrientations_iPad = "UIInterfaceOrientationPortrait UIInterfaceOrientationPortraitUpsideDown UIInterfaceOrientationLandscapeLeft UIInterfaceOrientationLandscapeRight";
				INFOPLIST_KEY_UISupportedInterfaceOrientations_iPhone = "UIInterfaceOrientationPortrait UIInterfaceOrientationLandscapeLeft UIInterfaceOrientationLandscapeRight";
				LD_RUNPATH_SEARCH_PATHS = (
					"$(inherited)",
					"@executable_path/Frameworks",
				);
				MARKETING_VERSION = 1.0;
				PRODUCT_BUNDLE_IDENTIFIER = "AyazUddin.Ortho-iOS";
				PRODUCT_NAME = "$(TARGET_NAME)";
				STRING_CATALOG_GENERATE_SYMBOLS = YES;
				SWIFT_APPROACHABLE_CONCURRENCY = YES;
				SWIFT_DEFAULT_ACTOR_ISOLATION = MainActor;
				SWIFT_EMIT_LOC_STRINGS = YES;
				SWIFT_UPCOMING_FEATURE_MEMBER_IMPORT_VISIBILITY = YES;
				SWIFT_VERSION = 5.0;
				TARGETED_DEVICE_FAMILY = "1,2";
			};
			name = Release;
		};
		C758AAFA1048179C6A3444F6 /* Debug */ = {
			isa = XCBuildConfiguration;
			buildSettings = {
				BUNDLE_LOADER = "$(TEST_HOST)";
				CODE_SIGNING_ALLOWED = NO;
				GENERATE_INFOPLIST_FILE = YES;
				PRODUCT_BUNDLE_IDENTIFIER = "AyazUddin.Ortho-iOSTests";
				PRODUCT_NAME = "$(TARGET_NAME)";
				SDKROOT = iphoneos;
				SWIFT_EMIT_LOC_STRINGS = NO;
				SWIFT_VERSION = 5.0;
				TEST_HOST = "$(BUILT_PRODUCTS_DIR)/Ortho-iOS.app/Ortho-iOS";
			};
			name = Debug;
		};
		E5450414411D02D77013DE79 /* Release */ = {
			isa = XCBuildConfiguration;
			buildSettings = {
				BUNDLE_LOADER = "$(TEST_HOST)";
				CODE_SIGNING_ALLOWED = NO;
				GENERATE_INFOPLIST_FILE = YES;
				PRODUCT_BUNDLE_IDENTIFIER = "AyazUddin.Ortho-iOSTests";
				PRODUCT_NAME = "$(TARGET_NAME)";
				SDKROOT = iphoneos;
				SWIFT_EMIT_LOC_STRINGS = NO;
				SWIFT_VERSION = 5.0;
				TEST_HOST = "$(BUILT_PRODUCTS_DIR)/Ortho-iOS.app/Ortho-iOS";
				VALIDATE_PRODUCT = YES;
			};
			name = Release;
		};
/* End XCBuildConfiguration section */

/* Begin XCConfigurationList section */
		4549C8812FBB4745001751B0 /* Build configuration list for PBXProject "Ortho-iOS" */ = {
			isa = XCConfigurationList;
			buildConfigurations = (
				4549C88F2FBB4746001751B0 /* Debug */,
				4549C8902FBB4746001751B0 /* Release */,
			);
			defaultConfigurationIsVisible = 0;
			defaultConfigurationName = Release;
		};
		4549C8912FBB4746001751B0 /* Build configuration list for PBXNativeTarget "Ortho-iOS" */ = {
			isa = XCConfigurationList;
			buildConfigurations = (
				4549C8922FBB4746001751B0 /* Debug */,
				4549C8932FBB4746001751B0 /* Release */,
			);
			defaultConfigurationIsVisible = 0;
			defaultConfigurationName = Release;
		};
		C80EA600F8812CE68B74874B /* Build configuration list for PBXNativeTarget "Ortho-iOSTests" */ = {
			isa = XCConfigurationList;
			buildConfigurations = (
				E5450414411D02D77013DE79 /* Release */,
				C758AAFA1048179C6A3444F6 /* Debug */,
			);
			defaultConfigurationIsVisible = 0;
			defaultConfigurationName = Release;
		};
/* End XCConfigurationList section */

/* Begin XCRemoteSwiftPackageReference section */
		5A1700000000000000000001 /* XCRemoteSwiftPackageReference "supabase-swift" */ = {
			isa = XCRemoteSwiftPackageReference;
			repositoryURL = "https://github.com/supabase/supabase-swift";
			requirement = {
				kind = upToNextMajorVersion;
				minimumVersion = 2.0.0;
			};
		};
/* End XCRemoteSwiftPackageReference section */

/* Begin XCSwiftPackageProductDependency section */
		5A1700000000000000000002 /* Supabase */ = {
			isa = XCSwiftPackageProductDependency;
			package = 5A1700000000000000000001 /* XCRemoteSwiftPackageReference "supabase-swift" */;
			productName = Supabase;
		};
/* End XCSwiftPackageProductDependency section */
	};
	rootObject = 4549C87E2FBB4745001751B0 /* Project object */;
}
